
Microsoft Visual Studio Solution File, Format Version 12.00
# Visual Studio Version 16
VisualStudioVersion = 16.0.29806.167
MinimumVisualStudioVersion = 10.0.40219.1
Project("{9A19103F-16F7-4668-BE54-9A1E7A4F7556}") = "Factorize.Classical", "Factorize.Classical\Factorize.Classical.csproj", "{D405CDAF-B205-4728-9C70-A9F0627A91BA}"
EndProject
Project("{9A19103F-16F7-4668-BE54-9A1E7A4F7556}") = "Factorize.Executable", "Factorize.Executable\Factorize.Executable.csproj", "{777ECDC1-A034-4813-B85E-D7801D55214B}"
EndProject
Project("{9A19103F-16F7-4668-BE54-9A1E7A4F7556}") = "QInteger", "QInteger\QInteger.csproj", "{C540E2B8-CAF1-487C-B1DA-8B4B7C1445F4}"
EndProject
Project("{9A19103F-16F7-4668-BE54-9A1E7A4F7556}") = "ModulesTester", "ModulesTester\ModulesTester.csproj", "{3762FCF5-D829-4BD4-8A02-C47E68984E16}"
EndProject
Project("{9A19103F-16F7-4668-BE54-9A1E7A4F7556}") = "QIntTester", "QIntTester\QIntTester.csproj", "{A57EA2FD-089C-4CAF-8E10-ADA7BEDC9C4F}"
EndProject
Project("{9A19103F-16F7-4668-BE54-9A1E7A4F7556}") = "QAlgorithms", "QAlgorithms\QAlgorithms.csproj", "{D5F94E9C-6677-407F-A663-2AB21366E5F8}"
EndProject
Project("{9A19103F-16F7-4668-BE54-9A1E7A4F7556}") = "QAlgorithmsTester", "QAlgorithmsTester\QAlgorithmsTester.csproj", "{03B7ABEE-FA10-4C3C-943E-E83D1949D4E8}"
EndProject
Project("{9A19103F-16F7-4668-BE54-9A1E7A4F7556}") = "QuantumLauncher", "QuantumLauncher\QuantumLauncher.csproj", "{63FFC59F-2DAE-4185-9CC1-3695637C99BD}"
EndProject
Project("{FAE04EC0-301F-11D3-BF4B-00C04F79EFBC}") = "FactorizationPerformanceTester", "PerformanceTester\FactorizationPerformanceTester.csproj", "{AEAAC4B6-5AF9-4FD4-B166-822A6705C825}"
EndProject
Global
	GlobalSection(SolutionConfigurationPlatforms) = preSolution
		Debug|Any CPU = Debug|Any CPU
		Release|Any CPU = Release|Any CPU
	EndGlobalSection
	GlobalSection(ProjectConfigurationPlatforms) = postSolution
		{D405CDAF-B205-4728-9C70-A9F0627A91BA}.Debug|Any CPU.ActiveCfg = Debug|Any CPU
		{D405CDAF-B205-4728-9C70-A9F0627A91BA}.Debug|Any CPU.Build.0 = Debug|Any CPU
		{D405CDAF-B205-4728-9C70-A9F0627A91BA}.Release|Any CPU.ActiveCfg = Release|Any CPU
		{D405CDAF-B205-4728-9C70-A9F0627A91BA}.Release|Any CPU.Build.0 = Release|Any CPU
		{777ECDC1-A034-4813-B85E-D7801D55214B}.Debug|Any CPU.ActiveCfg = Debug|Any CPU
		{777ECDC1-A034-4813-B85E-D7801D55214B}.Debug|Any CPU.Build.0 = Debug|Any CPU
		{777ECDC1-A034-4813-B85E-D7801D55214B}.Release|Any CPU.ActiveCfg = Release|Any CPU
		{777ECDC1-A034-4813-B85E-D7801D55214B}.Release|Any CPU.Build.0 = Release|Any CPU
		{C540E2B8-CAF1-487C-B1DA-8B4B7C1445F4}.Debug|Any CPU.ActiveCfg = Debug|Any CPU
		{C540E2B8-CAF1-487C-B1DA-8B4B7C1445F4}.Debug|Any CPU.Build.0 = Debug|Any CPU
		{C540E2B8-CAF1-487C-B1DA-8B4B7C1445F4}.Release|Any CPU.ActiveCfg = Release|Any CPU
		{C540E2B8-CAF1-487C-B1DA-8B4B7C1445F4}.Release|Any CPU.Build.0 = Release|Any CPU
		{3762FCF5-D829-4BD4-8A02-C47E68984E16}.Debug|Any CPU.ActiveCfg = Debug|Any CPU
		{3762FCF5-D829-4BD4-8A02-C47E68984E16}.Debug|Any CPU.Build.0 = Debug|Any CPU
		{3762FCF5-D829-4BD4-8A02-C47E68984E16}.Release|Any CPU.ActiveCfg = Release|Any CPU
		{3762FCF5-D829-4BD4-8A02-C47E68984E16}.Release|Any CPU.Build.0 = Release|Any CPU
		{A57EA2FD-089C-4CAF-8E10-ADA7BEDC9C4F}.Debug|Any CPU.ActiveCfg = Debug|Any CPU
		{A57EA2FD-089C-4CAF-8E10-ADA7BEDC9C4F}.Debug|Any CPU.Build.0 = Debug|Any CPU
		{A57EA2FD-089C-4CAF-8E10-ADA7BEDC9C4F}.Release|Any CPU.ActiveCfg = Release|Any CPU
		{A57EA2FD-089C-4CAF-8E10-ADA7BEDC9C4F}.Release|Any CPU.Build.0 = Release|Any CPU
		{D5F94E9C-6677-407F-A663-2AB21366E5F8}.Debug|Any CPU.ActiveCfg = Debug|Any CPU
		{D5F94E9C-6677-407F-A663-2AB21366E5F8}.Debug|Any CPU.Build.0 = Debug|Any CPU
		{D5F94E9C-6677-407F-A663-2AB21366E5F8}.Release|Any CPU.ActiveCfg = Release|Any CPU
		{D5F94E9C-6677-407F-A663-2AB21366E5F8}.Release|Any CPU.Build.0 = Release|Any CPU
		{03B7ABEE-FA10-4C3C-943E-E83D1949D4E8}.Debug|Any CPU.ActiveCfg = Debug|Any CPU
		{03B7ABEE-FA10-4C3C-943E-E83D1949D4E8}.Debug|Any CPU.Build.0 = Debug|Any CPU
		{03B7ABEE-FA10-4C3C-943E-E83D1949D4E8}.Release|Any CPU.ActiveCfg = Release|Any CPU
		{03B7ABEE-FA10-4C3C-943E-E83D1949D4E8}.Release|Any CPU.Build.0 = Release|Any CPU
		{63FFC59F-2DAE-4185-9CC1-3695637C99BD}.Debug|Any CPU.ActiveCfg = Debug|Any CPU
		{63FFC59F-2DAE-4185-9CC1-3695637C99BD}.Debug|Any CPU.Build.0 = Debug|Any CPU
		{63FFC59F-2DAE-4185-9CC1-3695637C99BD}.Release|Any CPU.ActiveCfg = Release|Any CPU
		{63FFC59F-2DAE-4185-9CC1-3695637C99BD}.Release|Any CPU.Build.0 = Release|Any CPU
		{AEAAC4B6-5AF9-4FD4-B166-822A6705C825}.Debug|Any CPU.ActiveCfg = Debug|Any CPU
		{AEAAC4B6-5AF9-4FD4-B166-822A6705C825}.Debug|Any CPU.Build.0 = Debug|Any CPU
		{AEAAC4B6-5AF9-4FD4-B166-822A6705C825}.Release|Any CPU.ActiveCfg = Release|Any CPU
		{AEAAC4B6-5AF9-4FD4-B166-822A6705C825}.Release|Any CPU.Build.0 = Release|Any CPU
	EndGlobalSection
	GlobalSection(SolutionProperties) = preSolution
		HideSolutionNode = FALSE
	EndGlobalSection
	GlobalSection(ExtensibilityGlobals) = postSolution
		SolutionGuid = {86D1502E-A856-4996-A1B9-233ABC19F84B}
	EndGlobalSection
EndGlobal
